
Microsoft Visual Studio Solution File, Format Version 12.00
# Visual Studio Version 16
VisualStudioVersion = 16.0.32002.261
MinimumVisualStudioVersion = 10.0.40219.1
Project("{FAE04EC0-301F-11D3-BF4B-00C04F79EFBC}") = "Rental_car", "Rental_car\Rental_car.csproj", "{ADD87035-F7B5-4C7D-A3AC-0369EC865EB4}"
EndProject
Global
	GlobalSection(SolutionConfigurationPlatforms) = preSolution
		Debug|Any CPU = Debug|Any CPU
		Release|Any CPU = Release|Any CPU
	EndGlobalSection
	GlobalSection(ProjectConfigurationPlatforms) = postSolution
		{ADD87035-F7B5-4C7D-A3AC-0369EC865EB4}.Debug|Any CPU.ActiveCfg = Debug|Any CPU
		{ADD87035-F7B5-4C7D-A3AC-0369EC865EB4}.Debug|Any CPU.Build.0 = Debug|Any CPU
		{ADD87035-F7B5-4C7D-A3AC-0369EC865EB4}.Release|Any CPU.ActiveCfg = Release|Any CPU
		{ADD87035-F7B5-4C7D-A3AC-0369EC865EB4}.Release|Any CPU.Build.0 = Release|Any CPU
	EndGlobalSection
	GlobalSection(SolutionProperties) = preSolution
		HideSolutionNode = FALSE
	EndGlobalSection
	GlobalSection(ExtensibilityGlobals) = postSolution
		SolutionGuid = {5D723B8E-B3EA-49FA-B12F-E03A9705E6CE}
	EndGlobalSection
EndGlobal
